# THIS IS AN AUTOGENERATED FILE. DO NOT EDIT THIS FILE DIRECTLY.
# yarn lockfile v1


"@types/bluebird@*":
  version "3.5.19"
  resolved "https://registry.yarnpkg.com/@types/bluebird/-/bluebird-3.5.19.tgz#1a47308819ac2d1d6d1ca4f5d800ac84924100de"

"@types/body-parser@*":
  version "1.16.8"
  resolved "https://registry.yarnpkg.com/@types/body-parser/-/body-parser-1.16.8.tgz#687ec34140624a3bec2b1a8ea9268478ae8f3be3"
  dependencies:
    "@types/express" "*"
    "@types/node" "*"

"@types/continuation-local-storage@*":
  version "3.2.1"
  resolved "https://registry.yarnpkg.com/@types/continuation-local-storage/-/continuation-local-storage-3.2.1.tgz#a33e0df9dce9b424d1c98fc4fdebd8578dceec7e"
  dependencies:
    "@types/node" "*"

"@types/express-serve-static-core@*":
  version "4.11.0"
  resolved "https://registry.yarnpkg.com/@types/express-serve-static-core/-/express-serve-static-core-4.11.0.tgz#aaaf472777191c3e56ec7aa160034c6b55ebdd59"
  dependencies:
    "@types/node" "*"

"@types/express@*", "@types/express@^4.11.0":
  version "4.11.0"
  resolved "https://registry.yarnpkg.com/@types/express/-/express-4.11.0.tgz#234d65280af917cb290634b7a8d6bcac24aecbad"
  dependencies:
    "@types/body-parser" "*"
    "@types/express-serve-static-core" "*"
    "@types/serve-static" "*"

"@types/lodash@*":
  version "4.14.91"
  resolved "https://registry.yarnpkg.com/@types/lodash/-/lodash-4.14.91.tgz#794611b28056d16b5436059c6d800b39d573cd3a"

"@types/mime@*":
  version "2.0.0"
  resolved "https://registry.yarnpkg.com/@types/mime/-/mime-2.0.0.tgz#5a7306e367c539b9f6543499de8dd519fac37a8b"

"@types/node@*":
  version "8.5.2"
  resolved "https://registry.yarnpkg.com/@types/node/-/node-8.5.2.tgz#83b8103fa9a2c2e83d78f701a9aa7c9539739aa5"

"@types/sequelize@^4.0.80":
  version "4.0.80"
  resolved "https://registry.yarnpkg.com/@types/sequelize/-/sequelize-4.0.80.tgz#0bc3a81d89d6a54f946a3a91c26608d410f7cda7"
  dependencies:
    "@types/bluebird" "*"
    "@types/continuation-local-storage" "*"
    "@types/lodash" "*"
    "@types/validator" "*"

"@types/serve-static@*":
  version "1.13.1"
  resolved "https://registry.yarnpkg.com/@types/serve-static/-/serve-static-1.13.1.tgz#1d2801fa635d274cd97d4ec07e26b21b44127492"
  dependencies:
    "@types/express-serve-static-core" "*"
    "@types/mime" "*"

"@types/validator@*":
  version "6.3.0"
  resolved "https://registry.yarnpkg.com/@types/validator/-/validator-6.3.0.tgz#d7454bd67c6a933a9dbe939ae16edbf0f6894e70"

doctrine@^0.7.2:
  version "0.7.2"
  resolved "https://registry.yarnpkg.com/doctrine/-/doctrine-0.7.2.tgz#7cb860359ba3be90e040b26b729ce4bfa654c523"
  dependencies:
    esutils "^1.1.6"
    isarray "0.0.1"

esutils@^1.1.6:
  version "1.1.6"
  resolved "https://registry.yarnpkg.com/esutils/-/esutils-1.1.6.tgz#c01ccaa9ae4b897c6d0c3e210ae52f3c7a844375"

isarray@0.0.1:
  version "0.0.1"
  resolved "https://registry.yarnpkg.com/isarray/-/isarray-0.0.1.tgz#8a18acfca9a8f4177e09abfc6038939b05d1eedf"

tslib@^1.0.0, tslib@^1.7.1, tslib@^1.8.0:
  version "1.8.1"
  resolved "https://registry.yarnpkg.com/tslib/-/tslib-1.8.1.tgz#6946af2d1d651a7b1863b531d6e5afa41aa44eac"

tslint-config-airbnb@^5.4.2:
  version "5.4.2"
  resolved "https://registry.yarnpkg.com/tslint-config-airbnb/-/tslint-config-airbnb-5.4.2.tgz#18eeff28f697b578731249d9a3ef8955b2f04f44"
  dependencies:
    tslint-consistent-codestyle "^1.10.0"
    tslint-eslint-rules "^4.1.1"
    tslint-microsoft-contrib "~5.0.1"

tslint-consistent-codestyle@^1.10.0:
  version "1.11.0"
  resolved "https://registry.yarnpkg.com/tslint-consistent-codestyle/-/tslint-consistent-codestyle-1.11.0.tgz#051493eeb3536a74e98d14b66f38028a785f8c2b"
  dependencies:
    tslib "^1.7.1"
    tsutils "^2.12.2"

tslint-eslint-rules@^4.1.1:
  version "4.1.1"
  resolved "https://registry.yarnpkg.com/tslint-eslint-rules/-/tslint-eslint-rules-4.1.1.tgz#7c30e7882f26bc276bff91d2384975c69daf88ba"
  dependencies:
    doctrine "^0.7.2"
    tslib "^1.0.0"
    tsutils "^1.4.0"

tslint-microsoft-contrib@~5.0.1:
  version "5.0.1"
  resolved "https://registry.yarnpkg.com/tslint-microsoft-contrib/-/tslint-microsoft-contrib-5.0.1.tgz#328ee9c28d07cdf793293204c96e2ffab9221994"
  dependencies:
    tsutils "^1.4.0"

tsutils@^1.4.0:
  version "1.9.1"
  resolved "https://registry.yarnpkg.com/tsutils/-/tsutils-1.9.1.tgz#b9f9ab44e55af9681831d5f28d0aeeaf5c750cb0"

tsutils@^2.12.2:
  version "2.14.0"
  resolved "https://registry.yarnpkg.com/tsutils/-/tsutils-2.14.0.tgz#bc5291622aa2448c1baffc544bcc14ecfa528fb7"
  dependencies:
    tslib "^1.8.0"

typescript@^2.6.2:
  version "2.6.2"
  resolved "https://registry.yarnpkg.com/typescript/-/typescript-2.6.2.tgz#3c5b6fd7f6de0914269027f03c0946758f7673a4"
